Microsoft Visual Studio Solution File, Format Version 11.00
# Visual Studio 2008

Project("{E52E307A-3C75-5EEC-33E0-B59A427B77AC}") = "QPureMVC", "Assembly-CSharp.csproj", "{D9F08F26-38F1-440C-BB62-4A4E4BD5CC5F}"
EndProject
Global
	GlobalSection(SolutionConfigurationPlatforms) = preSolution
		Debug|Any CPU = Debug|Any CPU
		Release|Any CPU = Release|Any CPU
	EndGlobalSection
	GlobalSection(ProjectConfigurationPlatforms) = postSolution
		{D9F08F26-38F1-440C-BB62-4A4E4BD5CC5F}.Debug|Any CPU.ActiveCfg = Debug|Any CPU
		{D9F08F26-38F1-440C-BB62-4A4E4BD5CC5F}.Debug|Any CPU.Build.0 = Debug|Any CPU
		{D9F08F26-38F1-440C-BB62-4A4E4BD5CC5F}.Release|Any CPU.ActiveCfg = Release|Any CPU
		{D9F08F26-38F1-440C-BB62-4A4E4BD5CC5F}.Release|Any CPU.Build.0 = Release|Any CPU
	EndGlobalSection
	GlobalSection(SolutionProperties) = preSolution
		HideSolutionNode = FALSE
	EndGlobalSection
	GlobalSection(MonoDevelopProperties) = preSolution
		StartupItem = Assembly-CSharp.csproj
	EndGlobalSection
EndGlobal
